
Microsoft Visual Studio Solution File, Format Version 12.00
# Visual Studio Version 17
VisualStudioVersion = 17.9.34728.123
MinimumVisualStudioVersion = 10.0.40219.1
Project("{FAE04EC0-301F-11D3-BF4B-00C04F79EFBC}") = "VideoDownloader", "VideoDownloader\VideoDownloader.csproj", "{735CA35F-6A8D-484F-948C-6966B0DBE39E}"
EndProject
Global
	GlobalSection(SolutionConfigurationPlatforms) = preSolution
		Debug|Any CPU = Debug|Any CPU
		Release|Any CPU = Release|Any CPU
	EndGlobalSection
	GlobalSection(ProjectConfigurationPlatforms) = postSolution
		{735CA35F-6A8D-484F-948C-6966B0DBE39E}.Debug|Any CPU.ActiveCfg = Debug|Any CPU
		{735CA35F-6A8D-484F-948C-6966B0DBE39E}.Debug|Any CPU.Build.0 = Debug|Any CPU
		{735CA35F-6A8D-484F-948C-6966B0DBE39E}.Release|Any CPU.ActiveCfg = Release|Any CPU
		{735CA35F-6A8D-484F-948C-6966B0DBE39E}.Release|Any CPU.Build.0 = Release|Any CPU
	EndGlobalSection
	GlobalSection(SolutionProperties) = preSolution
		HideSolutionNode = FALSE
	EndGlobalSection
	GlobalSection(ExtensibilityGlobals) = postSolution
		SolutionGuid = {4AD815CC-6E2B-4C42-BC88-A72BA153437C}
	EndGlobalSection
EndGlobal
